
Microsoft Visual Studio Solution File, Format Version 12.00
# Visual Studio Version 16
VisualStudioVersion = 16.0.32228.343
MinimumVisualStudioVersion = 10.0.40219.1
Project("{FAE04EC0-301F-11D3-BF4B-00C04F79EFBC}") = "TextScrambler", "TextScrambler.csproj", "{31A0B078-92E2-45C0-A2C6-1680371722B7}"
EndProject
Global
	GlobalSection(SolutionConfigurationPlatforms) = preSolution
		Debug|Any CPU = Debug|Any CPU
		Release|Any CPU = Release|Any CPU
	EndGlobalSection
	GlobalSection(ProjectConfigurationPlatforms) = postSolution
		{31A0B078-92E2-45C0-A2C6-1680371722B7}.Debug|Any CPU.ActiveCfg = Debug|Any CPU
		{31A0B078-92E2-45C0-A2C6-1680371722B7}.Debug|Any CPU.Build.0 = Debug|Any CPU
		{31A0B078-92E2-45C0-A2C6-1680371722B7}.Release|Any CPU.ActiveCfg = Release|Any CPU
		{31A0B078-92E2-45C0-A2C6-1680371722B7}.Release|Any CPU.Build.0 = Release|Any CPU
	EndGlobalSection
	GlobalSection(SolutionProperties) = preSolution
		HideSolutionNode = FALSE
	EndGlobalSection
	GlobalSection(ExtensibilityGlobals) = postSolution
		SolutionGuid = {8A8D56D6-0ECD-4191-9AD9-1D1E19D4BA6F}
	EndGlobalSection
EndGlobal
